<?xml version="1.0" encoding="utf-8"?>
<Project ToolsVersion="4.0" xmlns="http://schemas.microsoft.com/developer/msbuild/2003">
  <ItemGroup>
    <Filter Include="Base">
      <UniqueIdentifier>{855b226b-c73e-44a8-a36b-8c37a8459965}</UniqueIdentifier>
    </Filter>
    <Filter Include="Logic">
      <UniqueIdentifier>{4b93b290-09da-4cb1-9948-a11fa186739c}</UniqueIdentifier>
    </Filter>
    <Filter Include="NetProxy">
      <UniqueIdentifier>{6ac63661-122b-491a-a1e8-98fbed648a1b}</UniqueIdentifier>
    </Filter>
    <Filter Include="protobuf">
      <UniqueIdentifier>{ad8934c0-75fa-4026-971f-252280850923}</UniqueIdentifier>
    </Filter>
    <Filter Include="MatchCommon">
      <UniqueIdentifier>{cc9f9756-2797-4e3c-9979-507cd50255be}</UniqueIdentifier>
    </Filter>
    <Filter Include="protobuf\pbcc">
      <UniqueIdentifier>{586f0d10-5ef9-4b25-958d-7c5e0e378263}</UniqueIdentifier>
    </Filter>
    <Filter Include="protobuf\ServerProto">
      <UniqueIdentifier>{58e924b9-00af-4c50-b5a4-9867f287ed1f}</UniqueIdentifier>
    </Filter>
    <Filter Include="Logic\CenterServerManager">
      <UniqueIdentifier>{384a0995-22fd-4898-b19e-70bdfceb4083}</UniqueIdentifier>
    </Filter>
    <Filter Include="Logic\TimeManager">
      <UniqueIdentifier>{ad1f09c2-52a1-4b41-aa08-e68bf0cfa233}</UniqueIdentifier>
    </Filter>
    <Filter Include="Logic\SuperServer">
      <UniqueIdentifier>{15d8d470-91ce-4383-b107-65d773b2dff1}</UniqueIdentifier>
    </Filter>
    <Filter Include="Logic\RankManager">
      <UniqueIdentifier>{7c2a7357-67af-4d06-b96a-2c5d30130c6f}</UniqueIdentifier>
    </Filter>
    <Filter Include="Logic\MatchUserManager">
      <UniqueIdentifier>{9c4a31b0-4233-4ca8-857d-726d4551a229}</UniqueIdentifier>
    </Filter>
  </ItemGroup>
  <ItemGroup>
    <ClCompile Include="..\src\matchserver\main.cpp" />
    <ClCompile Include="..\src\base\ModuleTimeTick.cpp">
      <Filter>Base</Filter>
    </ClCompile>
    <ClCompile Include="..\src\base\NetProxy.cpp">
      <Filter>Base</Filter>
    </ClCompile>
    <ClCompile Include="..\src\base\NetProxyBuffer.cpp">
      <Filter>Base</Filter>
    </ClCompile>
    <ClCompile Include="..\src\base\TimeManager.cpp">
      <Filter>Base</Filter>
    </ClCompile>
    <ClCompile Include="..\src\base\XmlManager.cpp">
      <Filter>Base</Filter>
    </ClCompile>
    <ClCompile Include="..\src\base\ManagerModule.cpp">
      <Filter>Base</Filter>
    </ClCompile>
    <ClCompile Include="..\src\base\ManagerModuleManager.cpp">
      <Filter>Base</Filter>
    </ClCompile>
    <ClCompile Include="..\src\base\ModuleRefresh.cpp">
      <Filter>Base</Filter>
    </ClCompile>
    <ClCompile Include="..\src\base\ModuleRely.cpp">
      <Filter>Base</Filter>
    </ClCompile>
    <ClCompile Include="..\src\matchserver\MatchNetProxy.cpp">
      <Filter>NetProxy</Filter>
    </ClCompile>
    <ClCompile Include="..\src\netproto\MPMsgBase.pb.cc">
      <Filter>protobuf\pbcc</Filter>
    </ClCompile>
    <ClCompile Include="..\src\netproto\MPDefine.pb.cc">
      <Filter>protobuf\pbcc</Filter>
    </ClCompile>
    <ClCompile Include="..\src\matchserver\CenterServer.cpp">
      <Filter>Logic\CenterServerManager</Filter>
    </ClCompile>
    <ClCompile Include="..\src\matchserver\CenterServerManager.cpp">
      <Filter>Logic\CenterServerManager</Filter>
    </ClCompile>
    <ClCompile Include="..\src\matchserver\MatchTimeManager.cpp">
      <Filter>Logic\TimeManager</Filter>
    </ClCompile>
    <ClCompile Include="..\src\matchserver\SuperServer.cpp">
      <Filter>Logic\SuperServer</Filter>
    </ClCompile>
    <ClCompile Include="..\src\matchserver\SuperServerManager.cpp">
      <Filter>Logic\SuperServer</Filter>
    </ClCompile>
    <ClCompile Include="..\src\matchserver\RankManager.cpp">
      <Filter>Logic\RankManager</Filter>
    </ClCompile>
    <ClCompile Include="..\src\matchserver\MatchUserManager.cpp">
      <Filter>Logic\MatchUserManager</Filter>
    </ClCompile>
    <ClCompile Include="..\src\matchserver\MatchUser.cpp">
      <Filter>Logic\MatchUserManager</Filter>
    </ClCompile>
    <ClCompile Include="..\src\matchserver\MatchGroup.cpp">
      <Filter>Logic\MatchUserManager</Filter>
    </ClCompile>
  </ItemGroup>
  <ItemGroup>
    <ClInclude Include="..\src\base\ModuleTimeTick.h">
      <Filter>Base</Filter>
    </ClInclude>
    <ClInclude Include="..\src\base\NetProxy.h">
      <Filter>Base</Filter>
    </ClInclude>
    <ClInclude Include="..\src\base\NetProxyBuffer.h">
      <Filter>Base</Filter>
    </ClInclude>
    <ClInclude Include="..\src\base\TimeManager.h">
      <Filter>Base</Filter>
    </ClInclude>
    <ClInclude Include="..\src\base\TimeT.h">
      <Filter>Base</Filter>
    </ClInclude>
    <ClInclude Include="..\src\base\XmlManager.h">
      <Filter>Base</Filter>
    </ClInclude>
    <ClInclude Include="..\src\base\CommDef.h">
      <Filter>Base</Filter>
    </ClInclude>
    <ClInclude Include="..\src\base\ManagerModule.h">
      <Filter>Base</Filter>
    </ClInclude>
    <ClInclude Include="..\src\base\ManagerModuleManager.h">
      <Filter>Base</Filter>
    </ClInclude>
    <ClInclude Include="..\src\base\ModuleRefresh.h">
      <Filter>Base</Filter>
    </ClInclude>
    <ClInclude Include="..\src\base\ModuleRely.h">
      <Filter>Base</Filter>
    </ClInclude>
    <ClInclude Include="..\src\matchserver\MatchManagerModuleDefine.h">
      <Filter>Logic</Filter>
    </ClInclude>
    <ClInclude Include="..\src\matchserver\MatchCommDef.h">
      <Filter>MatchCommon</Filter>
    </ClInclude>
    <ClInclude Include="..\src\matchserver\MatchNetProxy.h">
      <Filter>NetProxy</Filter>
    </ClInclude>
    <ClInclude Include="..\src\netproto\MPMsgBase.pb.h">
      <Filter>protobuf\pbcc</Filter>
    </ClInclude>
    <ClInclude Include="..\src\netproto\MPDefine.pb.h">
      <Filter>protobuf\pbcc</Filter>
    </ClInclude>
    <ClInclude Include="..\src\matchserver\CenterServer.h">
      <Filter>Logic\CenterServerManager</Filter>
    </ClInclude>
    <ClInclude Include="..\src\matchserver\CenterServerManager.h">
      <Filter>Logic\CenterServerManager</Filter>
    </ClInclude>
    <ClInclude Include="..\src\matchserver\MatchTimeManager.h">
      <Filter>Logic\TimeManager</Filter>
    </ClInclude>
    <ClInclude Include="..\src\matchserver\SuperServer.h">
      <Filter>Logic\SuperServer</Filter>
    </ClInclude>
    <ClInclude Include="..\src\matchserver\SuperServerManager.h">
      <Filter>Logic\SuperServer</Filter>
    </ClInclude>
    <ClInclude Include="..\src\matchserver\RankManager.h">
      <Filter>Logic\RankManager</Filter>
    </ClInclude>
    <ClInclude Include="..\src\matchserver\MatchUserManager.h">
      <Filter>Logic\MatchUserManager</Filter>
    </ClInclude>
    <ClInclude Include="..\src\matchserver\MatchUser.h">
      <Filter>Logic\MatchUserManager</Filter>
    </ClInclude>
    <ClInclude Include="..\src\matchserver\MatchUserDistribution.h">
      <Filter>Logic\MatchUserManager</Filter>
    </ClInclude>
    <ClInclude Include="..\src\matchserver\MatchGroup.h">
      <Filter>Logic\MatchUserManager</Filter>
    </ClInclude>
  </ItemGroup>
  <ItemGroup>
    <None Include="..\common\command\MPMsgBase.proto">
      <Filter>protobuf</Filter>
    </None>
    <None Include="..\common\command\MPDefine.proto">
      <Filter>protobuf</Filter>
    </None>
  </ItemGroup>
</Project>